# Generated by move; do not edit
# This file should be checked in.

[move]
version = 4

[pinned.mainnet.MoveStdlib]
source = { git = "https://github.com/MystenLabs/sui.git", subdir = "crates/sui-framework/packages/move-stdlib", rev = "a9a6825eaf6273cc819ee3bcf65fd4909f7624a9" }
use_environment = "mainnet"
manifest_digest = "C4FE4C91DE74CBF223B2E380AE40F592177D21870DC2D7EB6227D2D694E05363"
deps = {}

[pinned.mainnet.Sui]
source = { git = "https://github.com/MystenLabs/sui.git", subdir = "crates/sui-framework/packages/sui-framework", rev = "a9a6825eaf6273cc819ee3bcf65fd4909f7624a9" }
use_environment = "mainnet"
manifest_digest = "CD547CB1ACCE0880C835DAED2D8FFCB91D56C833AE5240D3AA5B918398263195"
deps = { MoveStdlib = "MoveStdlib" }

[pinned.mainnet.lantern_vault]
source = { root = true }
use_environment = "mainnet"
manifest_digest = "C5C3FEC3A0982B698C1B0DDD6AD482E8718D7C0AAE1342305414B849122D2EA4"
deps = { MoveStdlib = "MoveStdlib", Sui = "Sui" }

[pinned.testnet.MoveStdlib]
source = { git = "https://github.com/MystenLabs/sui.git", subdir = "crates/sui-framework/packages/move-stdlib", rev = "bac3f508b83be5812fd937c84f7d5395c020b219" }
use_environment = "testnet"
manifest_digest = "C4FE4C91DE74CBF223B2E380AE40F592177D21870DC2D7EB6227D2D694E05363"
deps = {}

[pinned.testnet.Sui]
source = { git = "https://github.com/MystenLabs/sui.git", subdir = "crates/sui-framework/packages/sui-framework", rev = "bac3f508b83be5812fd937c84f7d5395c020b219" }
use_environment = "testnet"
manifest_digest = "7AFB66695545775FBFBB2D3078ADFD084244D5002392E837FDE21D9EA1C6D01C"
deps = { MoveStdlib = "MoveStdlib" }

[pinned.testnet.lantern_vault]
source = { root = true }
use_environment = "testnet"
manifest_digest = "95AA0D2749A57497436ECA50D8AF38DCA375E991B8CE03C1D148CC5789578C5B"
deps = { MoveStdlib = "MoveStdlib", Sui = "Sui" }
